
Microsoft Visual Studio Solution File, Format Version 12.00
# Visual Studio 15
Project("{FAE04EC0-301F-11D3-BF4B-00C04F79EFBC}") = "Assembly-CSharp", "Assembly-CSharp.csproj", "{35C314F7-1304-04E0-D693-2F6A98B0488E}"
EndProject
Project("{FAE04EC0-301F-11D3-BF4B-00C04F79EFBC}") = "Assembly-CSharp-Editor", "Assembly-CSharp-Editor.csproj", "{E995E3DB-D80A-1024-26A8-857B418D0F0E}"
EndProject
Global
	GlobalSection(SolutionConfigurationPlatforms) = preSolution
		Debug|Any CPU = Debug|Any CPU
		Release|Any CPU = Release|Any CPU
	EndGlobalSection
	GlobalSection(ProjectConfigurationPlatforms) = postSolution
		{35C314F7-1304-04E0-D693-2F6A98B0488E}.Debug|Any CPU.ActiveCfg = Debug|Any CPU
		{35C314F7-1304-04E0-D693-2F6A98B0488E}.Debug|Any CPU.Build.0 = Debug|Any CPU
		{35C314F7-1304-04E0-D693-2F6A98B0488E}.Release|Any CPU.ActiveCfg = Release|Any CPU
		{35C314F7-1304-04E0-D693-2F6A98B0488E}.Release|Any CPU.Build.0 = Release|Any CPU
		{E995E3DB-D80A-1024-26A8-857B418D0F0E}.Debug|Any CPU.ActiveCfg = Debug|Any CPU
		{E995E3DB-D80A-1024-26A8-857B418D0F0E}.Debug|Any CPU.Build.0 = Debug|Any CPU
		{E995E3DB-D80A-1024-26A8-857B418D0F0E}.Release|Any CPU.ActiveCfg = Release|Any CPU
		{E995E3DB-D80A-1024-26A8-857B418D0F0E}.Release|Any CPU.Build.0 = Release|Any CPU
	EndGlobalSection
	GlobalSection(SolutionProperties) = preSolution
		HideSolutionNode = FALSE
	EndGlobalSection
EndGlobal
